
Microsoft Visual Studio Solution File, Format Version 12.00
# Visual Studio Version 17
VisualStudioVersion = 17.11.35303.130
MinimumVisualStudioVersion = 10.0.40219.1
Project("{FAE04EC0-301F-11D3-BF4B-00C04F79EFBC}") = "Example", "Example\Example.csproj", "{90098CB3-EDE0-4352-B226-8760F94D7F4F}"
EndProject
Global
	GlobalSection(SolutionConfigurationPlatforms) = preSolution
		Debug|Any CPU = Debug|Any CPU
		Release|Any CPU = Release|Any CPU
	EndGlobalSection
	GlobalSection(ProjectConfigurationPlatforms) = postSolution
		{90098CB3-EDE0-4352-B226-8760F94D7F4F}.Debug|Any CPU.ActiveCfg = Debug|Any CPU
		{90098CB3-EDE0-4352-B226-8760F94D7F4F}.Debug|Any CPU.Build.0 = Debug|Any CPU
		{90098CB3-EDE0-4352-B226-8760F94D7F4F}.Release|Any CPU.ActiveCfg = Release|Any CPU
		{90098CB3-EDE0-4352-B226-8760F94D7F4F}.Release|Any CPU.Build.0 = Release|Any CPU
	EndGlobalSection
	GlobalSection(SolutionProperties) = preSolution
		HideSolutionNode = FALSE
	EndGlobalSection
	GlobalSection(ExtensibilityGlobals) = postSolution
		SolutionGuid = {34736782-0C49-4197-999B-189ED8C93607}
	EndGlobalSection
EndGlobal
